
Microsoft Visual Studio Solution File, Format Version 12.00
# Visual Studio Version 17
VisualStudioVersion = 17.9.34728.123
MinimumVisualStudioVersion = 10.0.40219.1
Project("{FAE04EC0-301F-11D3-BF4B-00C04F79EFBC}") = "ExercicioMatrizes", "ExercicioMatrizes.csproj", "{AC6D7146-D9AA-4C0A-AFD8-A19F50041711}"
EndProject
Global
	GlobalSection(SolutionConfigurationPlatforms) = preSolution
		Debug|Any CPU = Debug|Any CPU
		Release|Any CPU = Release|Any CPU
	EndGlobalSection
	GlobalSection(ProjectConfigurationPlatforms) = postSolution
		{AC6D7146-D9AA-4C0A-AFD8-A19F50041711}.Debug|Any CPU.ActiveCfg = Debug|Any CPU
		{AC6D7146-D9AA-4C0A-AFD8-A19F50041711}.Debug|Any CPU.Build.0 = Debug|Any CPU
		{AC6D7146-D9AA-4C0A-AFD8-A19F50041711}.Release|Any CPU.ActiveCfg = Release|Any CPU
		{AC6D7146-D9AA-4C0A-AFD8-A19F50041711}.Release|Any CPU.Build.0 = Release|Any CPU
	EndGlobalSection
	GlobalSection(SolutionProperties) = preSolution
		HideSolutionNode = FALSE
	EndGlobalSection
	GlobalSection(ExtensibilityGlobals) = postSolution
		SolutionGuid = {5C3ED94F-721E-4262-BE1B-4D8FB9257DAC}
	EndGlobalSection
EndGlobal
